// !$*UTF8*$!
{
	archiveVersion = 1;
	classes = {
	};
	objectVersion = 46;
	objects = {

/* Begin PBXBuildFile section */
		BA1AEE381CED70B6004615D1 /* ItemsTableViewController.swift in Sources */ = {isa = PBXBuildFile; fileRef = BA1AEE371CED70B6004615D1 /* ItemsTableViewController.swift */; };
		BA1AEE3A1CED70EB004615D1 /* ItemTableViewCell.swift in Sources */ = {isa = PBXBuildFile; fileRef = BA1AEE391CED70EB004615D1 /* ItemTableViewCell.swift */; };
		BA265B7C1D08A97100680627 /* MarkItemViewModel.swift in Sources */ = {isa = PBXBuildFile; fileRef = BA265B7B1D08A97100680627 /* MarkItemViewModel.swift */; };
		BA265B7E1D08AB1D00680627 /* MarkItemViewModelTests.swift in Sources */ = {isa = PBXBuildFile; fileRef = BA265B7D1D08AB1D00680627 /* MarkItemViewModelTests.swift */; };
		BA265B801D08B85500680627 /* SaveItemForListViewModel.swift in Sources */ = {isa = PBXBuildFile; fileRef = BA265B7F1D08B85500680627 /* SaveItemForListViewModel.swift */; };
		BA265B821D0904A400680627 /* SaveItemForListViewModelTests.swift in Sources */ = {isa = PBXBuildFile; fileRef = BA265B811D0904A400680627 /* SaveItemForListViewModelTests.swift */; };
		BA265B841D09117A00680627 /* DeleteItemFromListViewModel.swift in Sources */ = {isa = PBXBuildFile; fileRef = BA265B831D09117A00680627 /* DeleteItemFromListViewModel.swift */; };
		BA265B861D09120200680627 /* GUIHelpers.swift in Sources */ = {isa = PBXBuildFile; fileRef = BA265B851D09120200680627 /* GUIHelpers.swift */; };
		BA34371C1CFE71F200CD99C8 /* DeleteListViewModel.swift in Sources */ = {isa = PBXBuildFile; fileRef = BA34371B1CFE71F200CD99C8 /* DeleteListViewModel.swift */; };
		BA34371E1CFE738500CD99C8 /* DeleteListViewModelTests.swift in Sources */ = {isa = PBXBuildFile; fileRef = BA34371D1CFE738500CD99C8 /* DeleteListViewModelTests.swift */; };
		BA3437201CFFE8EE00CD99C8 /* ShowItemsForListViewModel.swift in Sources */ = {isa = PBXBuildFile; fileRef = BA34371F1CFFE8EE00CD99C8 /* ShowItemsForListViewModel.swift */; };
		BA3437261CFFE9A900CD99C8 /* ShowItemsForListViewModelTests.swift in Sources */ = {isa = PBXBuildFile; fileRef = BA3437251CFFE9A900CD99C8 /* ShowItemsForListViewModelTests.swift */; };
		BA3437281CFFF1B800CD99C8 /* CoreDataHelpers.swift in Sources */ = {isa = PBXBuildFile; fileRef = BA3437271CFFF1B800CD99C8 /* CoreDataHelpers.swift */; };
		BA5578491CF3EBD4006953F1 /* ShowListsViewModelTests.swift in Sources */ = {isa = PBXBuildFile; fileRef = BA5578481CF3EBD4006953F1 /* ShowListsViewModelTests.swift */; };
		BA5578521CF55981006953F1 /* ShowListsViewModel.swift in Sources */ = {isa = PBXBuildFile; fileRef = BA5578511CF55981006953F1 /* ShowListsViewModel.swift */; };
		BAB444E21CE5274F0086BC63 /* AppDelegate.swift in Sources */ = {isa = PBXBuildFile; fileRef = BAB444E11CE5274F0086BC63 /* AppDelegate.swift */; };
		BAB444E41CE5274F0086BC63 /* ListsTableViewController.swift in Sources */ = {isa = PBXBuildFile; fileRef = BAB444E31CE5274F0086BC63 /* ListsTableViewController.swift */; };
		BAB444E71CE5274F0086BC63 /* Main.storyboard in Resources */ = {isa = PBXBuildFile; fileRef = BAB444E51CE5274F0086BC63 /* Main.storyboard */; };
		BAB444EC1CE5274F0086BC63 /* Assets.xcassets in Resources */ = {isa = PBXBuildFile; fileRef = BAB444EB1CE5274F0086BC63 /* Assets.xcassets */; };
		BAB444EF1CE5274F0086BC63 /* LaunchScreen.storyboard in Resources */ = {isa = PBXBuildFile; fileRef = BAB444ED1CE5274F0086BC63 /* LaunchScreen.storyboard */; };
		BAC712761D09D34900735AD3 /* DeleteItemFromListViewModelTests.swift in Sources */ = {isa = PBXBuildFile; fileRef = BAC712751D09D34900735AD3 /* DeleteItemFromListViewModelTests.swift */; };
		BAF1AD8F1CF7E338004EAA23 /* SQLiteCoreDataStack.swift in Sources */ = {isa = PBXBuildFile; fileRef = BAF1AD8E1CF7E338004EAA23 /* SQLiteCoreDataStack.swift */; };
		BAF1AD921CF7E534004EAA23 /* InMemoryCoreDataStack.swift in Sources */ = {isa = PBXBuildFile; fileRef = BAF1AD901CF7E47B004EAA23 /* InMemoryCoreDataStack.swift */; };
		BAF1ADCB1CF93417004EAA23 /* Model.xcdatamodeld in Sources */ = {isa = PBXBuildFile; fileRef = BAF1ADC91CF93417004EAA23 /* Model.xcdatamodeld */; };
		BAF1ADD01CF9371B004EAA23 /* List+CoreDataProperties.swift in Sources */ = {isa = PBXBuildFile; fileRef = BAF1ADCC1CF9371B004EAA23 /* List+CoreDataProperties.swift */; };
		BAF1ADD11CF9371B004EAA23 /* List.swift in Sources */ = {isa = PBXBuildFile; fileRef = BAF1ADCD1CF9371B004EAA23 /* List.swift */; };
		BAF1ADD21CF9371B004EAA23 /* Item+CoreDataProperties.swift in Sources */ = {isa = PBXBuildFile; fileRef = BAF1ADCE1CF9371B004EAA23 /* Item+CoreDataProperties.swift */; };
		BAF1ADD31CF9371B004EAA23 /* Item.swift in Sources */ = {isa = PBXBuildFile; fileRef = BAF1ADCF1CF9371B004EAA23 /* Item.swift */; };
		BAF1ADD91CFA525B004EAA23 /* SaveListViewModelTests.swift in Sources */ = {isa = PBXBuildFile; fileRef = BAF1ADD71CFA5223004EAA23 /* SaveListViewModelTests.swift */; };
		BAF1ADDB1CFA81CA004EAA23 /* SaveListViewModel.swift in Sources */ = {isa = PBXBuildFile; fileRef = BAF1ADDA1CFA81CA004EAA23 /* SaveListViewModel.swift */; };
/* End PBXBuildFile section */

/* Begin PBXContainerItemProxy section */
		BA55784B1CF3EBD4006953F1 /* PBXContainerItemProxy */ = {
			isa = PBXContainerItemProxy;
			containerPortal = BAB444D61CE5274E0086BC63 /* Project object */;
			proxyType = 1;
			remoteGlobalIDString = BAB444DD1CE5274E0086BC63;
			remoteInfo = dooit;
		};
/* End PBXContainerItemProxy section */

/* Begin PBXFileReference section */
		BA1AEE371CED70B6004615D1 /* ItemsTableViewController.swift */ = {isa = PBXFileReference; fileEncoding = 4; lastKnownFileType = sourcecode.swift; name = ItemsTableViewController.swift; path = View/ItemsTableViewController.swift; sourceTree = "<group>"; };
		BA1AEE391CED70EB004615D1 /* ItemTableViewCell.swift */ = {isa = PBXFileReference; fileEncoding = 4; lastKnownFileType = sourcecode.swift; name = ItemTableViewCell.swift; path = View/ItemTableViewCell.swift; sourceTree = "<group>"; };
		BA265B7B1D08A97100680627 /* MarkItemViewModel.swift */ = {isa = PBXFileReference; fileEncoding = 4; lastKnownFileType = sourcecode.swift; name = MarkItemViewModel.swift; path = ViewModel/MarkItemViewModel.swift; sourceTree = "<group>"; };
		BA265B7D1D08AB1D00680627 /* MarkItemViewModelTests.swift */ = {isa = PBXFileReference; fileEncoding = 4; lastKnownFileType = sourcecode.swift; path = MarkItemViewModelTests.swift; sourceTree = "<group>"; };
		BA265B7F1D08B85500680627 /* SaveItemForListViewModel.swift */ = {isa = PBXFileReference; fileEncoding = 4; lastKnownFileType = sourcecode.swift; name = SaveItemForListViewModel.swift; path = ViewModel/SaveItemForListViewModel.swift; sourceTree = "<group>"; };
		BA265B811D0904A400680627 /* SaveItemForListViewModelTests.swift */ = {isa = PBXFileReference; fileEncoding = 4; lastKnownFileType = sourcecode.swift; path = SaveItemForListViewModelTests.swift; sourceTree = "<group>"; };
		BA265B831D09117A00680627 /* DeleteItemFromListViewModel.swift */ = {isa = PBXFileReference; fileEncoding = 4; lastKnownFileType = sourcecode.swift; name = DeleteItemFromListViewModel.swift; path = ViewModel/DeleteItemFromListViewModel.swift; sourceTree = "<group>"; };
		BA265B851D09120200680627 /* GUIHelpers.swift */ = {isa = PBXFileReference; fileEncoding = 4; lastKnownFileType = sourcecode.swift; name = GUIHelpers.swift; path = View/GUIHelpers.swift; sourceTree = "<group>"; };
		BA34371B1CFE71F200CD99C8 /* DeleteListViewModel.swift */ = {isa = PBXFileReference; fileEncoding = 4; lastKnownFileType = sourcecode.swift; name = DeleteListViewModel.swift; path = ViewModel/DeleteListViewModel.swift; sourceTree = "<group>"; };
		BA34371D1CFE738500CD99C8 /* DeleteListViewModelTests.swift */ = {isa = PBXFileReference; fileEncoding = 4; lastKnownFileType = sourcecode.swift; path = DeleteListViewModelTests.swift; sourceTree = "<group>"; };
		BA34371F1CFFE8EE00CD99C8 /* ShowItemsForListViewModel.swift */ = {isa = PBXFileReference; fileEncoding = 4; lastKnownFileType = sourcecode.swift; name = ShowItemsForListViewModel.swift; path = ViewModel/ShowItemsForListViewModel.swift; sourceTree = "<group>"; };
		BA3437251CFFE9A900CD99C8 /* ShowItemsForListViewModelTests.swift */ = {isa = PBXFileReference; fileEncoding = 4; lastKnownFileType = sourcecode.swift; path = ShowItemsForListViewModelTests.swift; sourceTree = "<group>"; };
		BA3437271CFFF1B800CD99C8 /* CoreDataHelpers.swift */ = {isa = PBXFileReference; fileEncoding = 4; lastKnownFileType = sourcecode.swift; path = CoreDataHelpers.swift; sourceTree = "<group>"; };
		BA5578461CF3EBD3006953F1 /* dooitTests.xctest */ = {isa = PBXFileReference; explicitFileType = wrapper.cfbundle; includeInIndex = 0; path = dooitTests.xctest; sourceTree = BUILT_PRODUCTS_DIR; };
		BA5578481CF3EBD4006953F1 /* ShowListsViewModelTests.swift */ = {isa = PBXFileReference; lastKnownFileType = sourcecode.swift; path = ShowListsViewModelTests.swift; sourceTree = "<group>"; };
		BA55784A1CF3EBD4006953F1 /* Info.plist */ = {isa = PBXFileReference; lastKnownFileType = text.plist.xml; path = Info.plist; sourceTree = "<group>"; };
		BA5578511CF55981006953F1 /* ShowListsViewModel.swift */ = {isa = PBXFileReference; fileEncoding = 4; lastKnownFileType = sourcecode.swift; name = ShowListsViewModel.swift; path = ViewModel/ShowListsViewModel.swift; sourceTree = "<group>"; };
		BAB444DE1CE5274F0086BC63 /* dooit.app */ = {isa = PBXFileReference; explicitFileType = wrapper.application; includeInIndex = 0; path = dooit.app; sourceTree = BUILT_PRODUCTS_DIR; };
		BAB444E11CE5274F0086BC63 /* AppDelegate.swift */ = {isa = PBXFileReference; lastKnownFileType = sourcecode.swift; path = AppDelegate.swift; sourceTree = "<group>"; };
		BAB444E31CE5274F0086BC63 /* ListsTableViewController.swift */ = {isa = PBXFileReference; lastKnownFileType = sourcecode.swift; name = ListsTableViewController.swift; path = View/ListsTableViewController.swift; sourceTree = "<group>"; };
		BAB444E61CE5274F0086BC63 /* Base */ = {isa = PBXFileReference; lastKnownFileType = file.storyboard; name = Base; path = Base.lproj/Main.storyboard; sourceTree = "<group>"; };
		BAB444EB1CE5274F0086BC63 /* Assets.xcassets */ = {isa = PBXFileReference; lastKnownFileType = folder.assetcatalog; name = Assets.xcassets; path = View/Assets.xcassets; sourceTree = "<group>"; };
		BAB444EE1CE5274F0086BC63 /* Base */ = {isa = PBXFileReference; lastKnownFileType = file.storyboard; name = Base; path = Base.lproj/LaunchScreen.storyboard; sourceTree = "<group>"; };
		BAB444F01CE5274F0086BC63 /* Info.plist */ = {isa = PBXFileReference; lastKnownFileType = text.plist.xml; path = Info.plist; sourceTree = "<group>"; };
		BAC712751D09D34900735AD3 /* DeleteItemFromListViewModelTests.swift */ = {isa = PBXFileReference; fileEncoding = 4; lastKnownFileType = sourcecode.swift; path = DeleteItemFromListViewModelTests.swift; sourceTree = "<group>"; };
		BAF1AD8E1CF7E338004EAA23 /* SQLiteCoreDataStack.swift */ = {isa = PBXFileReference; fileEncoding = 4; lastKnownFileType = sourcecode.swift; path = SQLiteCoreDataStack.swift; sourceTree = "<group>"; };
		BAF1AD901CF7E47B004EAA23 /* InMemoryCoreDataStack.swift */ = {isa = PBXFileReference; fileEncoding = 4; lastKnownFileType = sourcecode.swift; path = InMemoryCoreDataStack.swift; sourceTree = "<group>"; };
		BAF1ADCA1CF93417004EAA23 /* Model.xcdatamodel */ = {isa = PBXFileReference; lastKnownFileType = wrapper.xcdatamodel; path = Model.xcdatamodel; sourceTree = "<group>"; };
		BAF1ADCC1CF9371B004EAA23 /* List+CoreDataProperties.swift */ = {isa = PBXFileReference; fileEncoding = 4; lastKnownFileType = sourcecode.swift; path = "List+CoreDataProperties.swift"; sourceTree = "<group>"; };
		BAF1ADCD1CF9371B004EAA23 /* List.swift */ = {isa = PBXFileReference; fileEncoding = 4; lastKnownFileType = sourcecode.swift; path = List.swift; sourceTree = "<group>"; };
		BAF1ADCE1CF9371B004EAA23 /* Item+CoreDataProperties.swift */ = {isa = PBXFileReference; fileEncoding = 4; lastKnownFileType = sourcecode.swift; path = "Item+CoreDataProperties.swift"; sourceTree = "<group>"; };
		BAF1ADCF1CF9371B004EAA23 /* Item.swift */ = {isa = PBXFileReference; fileEncoding = 4; lastKnownFileType = sourcecode.swift; path = Item.swift; sourceTree = "<group>"; };
		BAF1ADD41CF940E6004EAA23 /* Model 2.xcdatamodel */ = {isa = PBXFileReference; lastKnownFileType = wrapper.xcdatamodel; path = "Model 2.xcdatamodel"; sourceTree = "<group>"; };
		BAF1ADD71CFA5223004EAA23 /* SaveListViewModelTests.swift */ = {isa = PBXFileReference; fileEncoding = 4; lastKnownFileType = sourcecode.swift; path = SaveListViewModelTests.swift; sourceTree = "<group>"; };
		BAF1ADDA1CFA81CA004EAA23 /* SaveListViewModel.swift */ = {isa = PBXFileReference; fileEncoding = 4; lastKnownFileType = sourcecode.swift; name = SaveListViewModel.swift; path = ViewModel/SaveListViewModel.swift; sourceTree = "<group>"; };
/* End PBXFileReference section */

/* Begin PBXFrameworksBuildPhase section */
		BA5578431CF3EBD3006953F1 /* Frameworks */ = {
			isa = PBXFrameworksBuildPhase;
			buildActionMask = 2147483647;
			files = (
			);
			runOnlyForDeploymentPostprocessing = 0;
		};
		BAB444DB1CE5274E0086BC63 /* Frameworks */ = {
			isa = PBXFrameworksBuildPhase;
			buildActionMask = 2147483647;
			files = (
			);
			runOnlyForDeploymentPostprocessing = 0;
		};
/* End PBXFrameworksBuildPhase section */

/* Begin PBXGroup section */
		BA2299281CF30A030044A6D0 /* Model */ = {
			isa = PBXGroup;
			children = (
				BAF1ADC91CF93417004EAA23 /* Model.xcdatamodeld */,
				BAF1AD8E1CF7E338004EAA23 /* SQLiteCoreDataStack.swift */,
				BAF1ADCC1CF9371B004EAA23 /* List+CoreDataProperties.swift */,
				BAF1ADCD1CF9371B004EAA23 /* List.swift */,
				BAF1ADCE1CF9371B004EAA23 /* Item+CoreDataProperties.swift */,
				BAF1ADCF1CF9371B004EAA23 /* Item.swift */,
			);
			path = Model;
			sourceTree = "<group>";
		};
		BA2299291CF30A4F0044A6D0 /* Support Files */ = {
			isa = PBXGroup;
			children = (
				BAB444E11CE5274F0086BC63 /* AppDelegate.swift */,
				BAB444F01CE5274F0086BC63 /* Info.plist */,
			);
			path = "Support Files";
			sourceTree = "<group>";
		};
		BA3437211CFFE97000CD99C8 /* Lists */ = {
			isa = PBXGroup;
			children = (
				BA5578481CF3EBD4006953F1 /* ShowListsViewModelTests.swift */,
				BAF1ADD71CFA5223004EAA23 /* SaveListViewModelTests.swift */,
				BA34371D1CFE738500CD99C8 /* DeleteListViewModelTests.swift */,
			);
			name = Lists;
			sourceTree = "<group>";
		};
		BA3437221CFFE97B00CD99C8 /* Lists */ = {
			isa = PBXGroup;
			children = (
				BA5578511CF55981006953F1 /* ShowListsViewModel.swift */,
				BAF1ADDA1CFA81CA004EAA23 /* SaveListViewModel.swift */,
				BA34371B1CFE71F200CD99C8 /* DeleteListViewModel.swift */,
			);
			name = Lists;
			sourceTree = "<group>";
		};
		BA3437231CFFE98100CD99C8 /* Items */ = {
			isa = PBXGroup;
			children = (
				BA34371F1CFFE8EE00CD99C8 /* ShowItemsForListViewModel.swift */,
				BA265B7B1D08A97100680627 /* MarkItemViewModel.swift */,
				BA265B7F1D08B85500680627 /* SaveItemForListViewModel.swift */,
				BA265B831D09117A00680627 /* DeleteItemFromListViewModel.swift */,
			);
			name = Items;
			sourceTree = "<group>";
		};
		BA3437241CFFE98800CD99C8 /* Items */ = {
			isa = PBXGroup;
			children = (
				BA3437251CFFE9A900CD99C8 /* ShowItemsForListViewModelTests.swift */,
				BA265B7D1D08AB1D00680627 /* MarkItemViewModelTests.swift */,
				BA265B811D0904A400680627 /* SaveItemForListViewModelTests.swift */,
				BAC712751D09D34900735AD3 /* DeleteItemFromListViewModelTests.swift */,
			);
			name = Items;
			sourceTree = "<group>";
		};
		BA5578471CF3EBD4006953F1 /* Unit Tests */ = {
			isa = PBXGroup;
			children = (
				BA3437211CFFE97000CD99C8 /* Lists */,
				BA3437241CFFE98800CD99C8 /* Items */,
				BAF1AD901CF7E47B004EAA23 /* InMemoryCoreDataStack.swift */,
				BA3437271CFFF1B800CD99C8 /* CoreDataHelpers.swift */,
				BA55784A1CF3EBD4006953F1 /* Info.plist */,
			);
			name = "Unit Tests";
			path = dooitTests;
			sourceTree = "<group>";
		};
		BA5578501CF55760006953F1 /* ViewModel */ = {
			isa = PBXGroup;
			children = (
				BA3437221CFFE97B00CD99C8 /* Lists */,
				BA3437231CFFE98100CD99C8 /* Items */,
			);
			name = ViewModel;
			sourceTree = "<group>";
		};
		BA55785D1CF67FEC006953F1 /* View */ = {
			isa = PBXGroup;
			children = (
				BAB444E51CE5274F0086BC63 /* Main.storyboard */,
				BAB444ED1CE5274F0086BC63 /* LaunchScreen.storyboard */,
				BAB444E31CE5274F0086BC63 /* ListsTableViewController.swift */,
				BA1AEE371CED70B6004615D1 /* ItemsTableViewController.swift */,
				BA1AEE391CED70EB004615D1 /* ItemTableViewCell.swift */,
				BA265B851D09120200680627 /* GUIHelpers.swift */,
				BAB444EB1CE5274F0086BC63 /* Assets.xcassets */,
			);
			name = View;
			sourceTree = "<group>";
		};
		BAB444D51CE5274E0086BC63 = {
			isa = PBXGroup;
			children = (
				BAB444E01CE5274F0086BC63 /* App Code */,
				BA5578471CF3EBD4006953F1 /* Unit Tests */,
				BAB444DF1CE5274F0086BC63 /* Products */,
			);
			sourceTree = "<group>";
		};
		BAB444DF1CE5274F0086BC63 /* Products */ = {
			isa = PBXGroup;
			children = (
				BAB444DE1CE5274F0086BC63 /* dooit.app */,
				BA5578461CF3EBD3006953F1 /* dooitTests.xctest */,
			);
			name = Products;
			sourceTree = "<group>";
		};
		BAB444E01CE5274F0086BC63 /* App Code */ = {
			isa = PBXGroup;
			children = (
				BA55785D1CF67FEC006953F1 /* View */,
				BA5578501CF55760006953F1 /* ViewModel */,
				BA2299281CF30A030044A6D0 /* Model */,
				BA2299291CF30A4F0044A6D0 /* Support Files */,
			);
			name = "App Code";
			path = dooit;
			sourceTree = "<group>";
		};
/* End PBXGroup section */

/* Begin PBXNativeTarget section */
		BA5578451CF3EBD3006953F1 /* dooitTests */ = {
			isa = PBXNativeTarget;
			buildConfigurationList = BA55784D1CF3EBD4006953F1 /* Build configuration list for PBXNativeTarget "dooitTests" */;
			buildPhases = (
				BA5578421CF3EBD3006953F1 /* Sources */,
				BA5578431CF3EBD3006953F1 /* Frameworks */,
				BA5578441CF3EBD3006953F1 /* Resources */,
			);
			buildRules = (
			);
			dependencies = (
				BA55784C1CF3EBD4006953F1 /* PBXTargetDependency */,
			);
			name = dooitTests;
			productName = dooitTests;
			productReference = BA5578461CF3EBD3006953F1 /* dooitTests.xctest */;
			productType = "com.apple.product-type.bundle.unit-test";
		};
		BAB444DD1CE5274E0086BC63 /* dooit */ = {
			isa = PBXNativeTarget;
			buildConfigurationList = BAB444F31CE5274F0086BC63 /* Build configuration list for PBXNativeTarget "dooit" */;
			buildPhases = (
				BAB444DA1CE5274E0086BC63 /* Sources */,
				BAB444DB1CE5274E0086BC63 /* Frameworks */,
				BAB444DC1CE5274E0086BC63 /* Resources */,
			);
			buildRules = (
			);
			dependencies = (
			);
			name = dooit;
			productName = dooit;
			productReference = BAB444DE1CE5274F0086BC63 /* dooit.app */;
			productType = "com.apple.product-type.application";
		};
/* End PBXNativeTarget section */

/* Begin PBXProject section */
		BAB444D61CE5274E0086BC63 /* Project object */ = {
			isa = PBXProject;
			attributes = {
				LastSwiftUpdateCheck = 0730;
				LastUpgradeCheck = 0730;
				ORGANIZATIONNAME = "Ricardo Gehrke Filho";
				TargetAttributes = {
					BA5578451CF3EBD3006953F1 = {
						CreatedOnToolsVersion = 7.3.1;
						DevelopmentTeam = 2T9EKFYB5P;
						TestTargetID = BAB444DD1CE5274E0086BC63;
					};
					BAB444DD1CE5274E0086BC63 = {
						CreatedOnToolsVersion = 7.3.1;
					};
				};
			};
			buildConfigurationList = BAB444D91CE5274E0086BC63 /* Build configuration list for PBXProject "dooit" */;
			compatibilityVersion = "Xcode 3.2";
			developmentRegion = English;
			hasScannedForEncodings = 0;
			knownRegions = (
				en,
				Base,
			);
			mainGroup = BAB444D51CE5274E0086BC63;
			productRefGroup = BAB444DF1CE5274F0086BC63 /* Products */;
			projectDirPath = "";
			projectRoot = "";
			targets = (
				BAB444DD1CE5274E0086BC63 /* dooit */,
				BA5578451CF3EBD3006953F1 /* dooitTests */,
			);
		};
/* End PBXProject section */

/* Begin PBXResourcesBuildPhase section */
		BA5578441CF3EBD3006953F1 /* Resources */ = {
			isa = PBXResourcesBuildPhase;
			buildActionMask = 2147483647;
			files = (
			);
			runOnlyForDeploymentPostprocessing = 0;
		};
		BAB444DC1CE5274E0086BC63 /* Resources */ = {
			isa = PBXResourcesBuildPhase;
			buildActionMask = 2147483647;
			files = (
				BAB444EF1CE5274F0086BC63 /* LaunchScreen.storyboard in Resources */,
				BAB444EC1CE5274F0086BC63 /* Assets.xcassets in Resources */,
				BAB444E71CE5274F0086BC63 /* Main.storyboard in Resources */,
			);
			runOnlyForDeploymentPostprocessing = 0;
		};
/* End PBXResourcesBuildPhase section */

/* Begin PBXSourcesBuildPhase section */
		BA5578421CF3EBD3006953F1 /* Sources */ = {
			isa = PBXSourcesBuildPhase;
			buildActionMask = 2147483647;
			files = (
				BA3437281CFFF1B800CD99C8 /* CoreDataHelpers.swift in Sources */,
				BAC712761D09D34900735AD3 /* DeleteItemFromListViewModelTests.swift in Sources */,
				BAF1ADD91CFA525B004EAA23 /* SaveListViewModelTests.swift in Sources */,
				BA5578491CF3EBD4006953F1 /* ShowListsViewModelTests.swift in Sources */,
				BAF1AD921CF7E534004EAA23 /* InMemoryCoreDataStack.swift in Sources */,
				BA3437261CFFE9A900CD99C8 /* ShowItemsForListViewModelTests.swift in Sources */,
				BA34371E1CFE738500CD99C8 /* DeleteListViewModelTests.swift in Sources */,
				BA265B821D0904A400680627 /* SaveItemForListViewModelTests.swift in Sources */,
				BA265B7E1D08AB1D00680627 /* MarkItemViewModelTests.swift in Sources */,
			);
			runOnlyForDeploymentPostprocessing = 0;
		};
		BAB444DA1CE5274E0086BC63 /* Sources */ = {
			isa = PBXSourcesBuildPhase;
			buildActionMask = 2147483647;
			files = (
				BA265B841D09117A00680627 /* DeleteItemFromListViewModel.swift in Sources */,
				BA265B861D09120200680627 /* GUIHelpers.swift in Sources */,
				BA5578521CF55981006953F1 /* ShowListsViewModel.swift in Sources */,
				BA1AEE381CED70B6004615D1 /* ItemsTableViewController.swift in Sources */,
				BA265B801D08B85500680627 /* SaveItemForListViewModel.swift in Sources */,
				BA1AEE3A1CED70EB004615D1 /* ItemTableViewCell.swift in Sources */,
				BA3437201CFFE8EE00CD99C8 /* ShowItemsForListViewModel.swift in Sources */,
				BAF1ADDB1CFA81CA004EAA23 /* SaveListViewModel.swift in Sources */,
				BAF1AD8F1CF7E338004EAA23 /* SQLiteCoreDataStack.swift in Sources */,
				BAF1ADD21CF9371B004EAA23 /* Item+CoreDataProperties.swift in Sources */,
				BAB444E41CE5274F0086BC63 /* ListsTableViewController.swift in Sources */,
				BA265B7C1D08A97100680627 /* MarkItemViewModel.swift in Sources */,
				BAF1ADD31CF9371B004EAA23 /* Item.swift in Sources */,
				BAF1ADCB1CF93417004EAA23 /* Model.xcdatamodeld in Sources */,
				BAB444E21CE5274F0086BC63 /* AppDelegate.swift in Sources */,
				BAF1ADD01CF9371B004EAA23 /* List+CoreDataProperties.swift in Sources */,
				BAF1ADD11CF9371B004EAA23 /* List.swift in Sources */,
				BA34371C1CFE71F200CD99C8 /* DeleteListViewModel.swift in Sources */,
			);
			runOnlyForDeploymentPostprocessing = 0;
		};
/* End PBXSourcesBuildPhase section */

/* Begin PBXTargetDependency section */
		BA55784C1CF3EBD4006953F1 /* PBXTargetDependency */ = {
			isa = PBXTargetDependency;
			target = BAB444DD1CE5274E0086BC63 /* dooit */;
			targetProxy = BA55784B1CF3EBD4006953F1 /* PBXContainerItemProxy */;
		};
/* End PBXTargetDependency section */

/* Begin PBXVariantGroup section */
		BAB444E51CE5274F0086BC63 /* Main.storyboard */ = {
			isa = PBXVariantGroup;
			children = (
				BAB444E61CE5274F0086BC63 /* Base */,
			);
			name = Main.storyboard;
			path = View;
			sourceTree = "<group>";
		};
		BAB444ED1CE5274F0086BC63 /* LaunchScreen.storyboard */ = {
			isa = PBXVariantGroup;
			children = (
				BAB444EE1CE5274F0086BC63 /* Base */,
			);
			name = LaunchScreen.storyboard;
			path = View;
			sourceTree = "<group>";
		};
/* End PBXVariantGroup section */

/* Begin XCBuildConfiguration section */
		BA55784E1CF3EBD4006953F1 /* Debug */ = {
			isa = XCBuildConfiguration;
			buildSettings = {
				BUNDLE_LOADER = "$(TEST_HOST)";
				INFOPLIST_FILE = dooitTests/Info.plist;
				LD_RUNPATH_SEARCH_PATHS = "$(inherited) @executable_path/Frameworks @loader_path/Frameworks";
				PRODUCT_BUNDLE_IDENTIFIER = com.ricardo0100.dooitTests;
				PRODUCT_NAME = "$(TARGET_NAME)";
				TEST_HOST = "$(BUILT_PRODUCTS_DIR)/dooit.app/dooit";
			};
			name = Debug;
		};
		BA55784F1CF3EBD4006953F1 /* Release */ = {
			isa = XCBuildConfiguration;
			buildSettings = {
				BUNDLE_LOADER = "$(TEST_HOST)";
				INFOPLIST_FILE = dooitTests/Info.plist;
				LD_RUNPATH_SEARCH_PATHS = "$(inherited) @executable_path/Frameworks @loader_path/Frameworks";
				PRODUCT_BUNDLE_IDENTIFIER = com.ricardo0100.dooitTests;
				PRODUCT_NAME = "$(TARGET_NAME)";
				TEST_HOST = "$(BUILT_PRODUCTS_DIR)/dooit.app/dooit";
			};
			name = Release;
		};
		BAB444F11CE5274F0086BC63 /* Debug */ = {
			isa = XCBuildConfiguration;
			buildSettings = {
				ALWAYS_SEARCH_USER_PATHS = NO;
				CLANG_ANALYZER_NONNULL = YES;
				CLANG_CXX_LANGUAGE_STANDARD = "gnu++0x";
				CLANG_CXX_LIBRARY = "libc++";
				CLANG_ENABLE_MODULES = YES;
				CLANG_ENABLE_OBJC_ARC = YES;
				CLANG_WARN_BOOL_CONVERSION = YES;
				CLANG_WARN_CONSTANT_CONVERSION = YES;
				CLANG_WARN_DIRECT_OBJC_ISA_USAGE = YES_ERROR;
				CLANG_WARN_EMPTY_BODY = YES;
				CLANG_WARN_ENUM_CONVERSION = YES;
				CLANG_WARN_INT_CONVERSION = YES;
				CLANG_WARN_OBJC_ROOT_CLASS = YES_ERROR;
				CLANG_WARN_UNREACHABLE_CODE = YES;
				CLANG_WARN__DUPLICATE_METHOD_MATCH = YES;
				"CODE_SIGN_IDENTITY[sdk=iphoneos*]" = "iPhone Developer";
				COPY_PHASE_STRIP = NO;
				DEBUG_INFORMATION_FORMAT = dwarf;
				ENABLE_STRICT_OBJC_MSGSEND = YES;
				ENABLE_TESTABILITY = YES;
				GCC_C_LANGUAGE_STANDARD = gnu99;
				GCC_DYNAMIC_NO_PIC = NO;
				GCC_NO_COMMON_BLOCKS = YES;
				GCC_OPTIMIZATION_LEVEL = 0;
				GCC_PREPROCESSOR_DEFINITIONS = (
					"DEBUG=1",
					"$(inherited)",
				);
				GCC_WARN_64_TO_32_BIT_CONVERSION = YES;
				GCC_WARN_ABOUT_RETURN_TYPE = YES_ERROR;
				GCC_WARN_UNDECLARED_SELECTOR = YES;
				GCC_WARN_UNINITIALIZED_AUTOS = YES_AGGRESSIVE;
				GCC_WARN_UNUSED_FUNCTION = YES;
				GCC_WARN_UNUSED_VARIABLE = YES;
				IPHONEOS_DEPLOYMENT_TARGET = 9.3;
				MTL_ENABLE_DEBUG_INFO = YES;
				ONLY_ACTIVE_ARCH = YES;
				SDKROOT = iphoneos;
				SWIFT_OPTIMIZATION_LEVEL = "-Onone";
			};
			name = Debug;
		};
		BAB444F21CE5274F0086BC63 /* Release */ = {
			isa = XCBuildConfiguration;
			buildSettings = {
				ALWAYS_SEARCH_USER_PATHS = NO;
				CLANG_ANALYZER_NONNULL = YES;
				CLANG_CXX_LANGUAGE_STANDARD = "gnu++0x";
				CLANG_CXX_LIBRARY = "libc++";
				CLANG_ENABLE_MODULES = YES;
				CLANG_ENABLE_OBJC_ARC = YES;
				CLANG_WARN_BOOL_CONVERSION = YES;
				CLANG_WARN_CONSTANT_CONVERSION = YES;
				CLANG_WARN_DIRECT_OBJC_ISA_USAGE = YES_ERROR;
				CLANG_WARN_EMPTY_BODY = YES;
				CLANG_WARN_ENUM_CONVERSION = YES;
				CLANG_WARN_INT_CONVERSION = YES;
				CLANG_WARN_OBJC_ROOT_CLASS = YES_ERROR;
				CLANG_WARN_UNREACHABLE_CODE = YES;
				CLANG_WARN__DUPLICATE_METHOD_MATCH = YES;
				"CODE_SIGN_IDENTITY[sdk=iphoneos*]" = "iPhone Developer";
				COPY_PHASE_STRIP = NO;
				DEBUG_INFORMATION_FORMAT = "dwarf-with-dsym";
				ENABLE_NS_ASSERTIONS = NO;
				ENABLE_STRICT_OBJC_MSGSEND = YES;
				GCC_C_LANGUAGE_STANDARD = gnu99;
				GCC_NO_COMMON_BLOCKS = YES;
				GCC_WARN_64_TO_32_BIT_CONVERSION = YES;
				GCC_WARN_ABOUT_RETURN_TYPE = YES_ERROR;
				GCC_WARN_UNDECLARED_SELECTOR = YES;
				GCC_WARN_UNINITIALIZED_AUTOS = YES_AGGRESSIVE;
				GCC_WARN_UNUSED_FUNCTION = YES;
				GCC_WARN_UNUSED_VARIABLE = YES;
				IPHONEOS_DEPLOYMENT_TARGET = 9.3;
				MTL_ENABLE_DEBUG_INFO = NO;
				SDKROOT = iphoneos;
				VALIDATE_PRODUCT = YES;
			};
			name = Release;
		};
		BAB444F41CE5274F0086BC63 /* Debug */ = {
			isa = XCBuildConfiguration;
			buildSettings = {
				ASSETCATALOG_COMPILER_APPICON_NAME = AppIcon;
				CODE_SIGN_IDENTITY = "iPhone Developer";
				INFOPLIST_FILE = "$(SRCROOT)/dooit/Support Files/Info.plist";
				LD_RUNPATH_SEARCH_PATHS = "$(inherited) @executable_path/Frameworks";
				PRODUCT_BUNDLE_IDENTIFIER = com.ricardo0100.dooit;
				PRODUCT_NAME = dooit;
			};
			name = Debug;
		};
		BAB444F51CE5274F0086BC63 /* Release */ = {
			isa = XCBuildConfiguration;
			buildSettings = {
				ASSETCATALOG_COMPILER_APPICON_NAME = AppIcon;
				CODE_SIGN_IDENTITY = "iPhone Developer";
				INFOPLIST_FILE = "$(SRCROOT)/dooit/Support Files/Info.plist";
				LD_RUNPATH_SEARCH_PATHS = "$(inherited) @executable_path/Frameworks";
				PRODUCT_BUNDLE_IDENTIFIER = com.ricardo0100.dooit;
				PRODUCT_NAME = dooit;
			};
			name = Release;
		};
/* End XCBuildConfiguration section */

/* Begin XCConfigurationList section */
		BA55784D1CF3EBD4006953F1 /* Build configuration list for PBXNativeTarget "dooitTests" */ = {
			isa = XCConfigurationList;
			buildConfigurations = (
				BA55784E1CF3EBD4006953F1 /* Debug */,
				BA55784F1CF3EBD4006953F1 /* Release */,
			);
			defaultConfigurationIsVisible = 0;
			defaultConfigurationName = Release;
		};
		BAB444D91CE5274E0086BC63 /* Build configuration list for PBXProject "dooit" */ = {
			isa = XCConfigurationList;
			buildConfigurations = (
				BAB444F11CE5274F0086BC63 /* Debug */,
				BAB444F21CE5274F0086BC63 /* Release */,
			);
			defaultConfigurationIsVisible = 0;
			defaultConfigurationName = Release;
		};
		BAB444F31CE5274F0086BC63 /* Build configuration list for PBXNativeTarget "dooit" */ = {
			isa = XCConfigurationList;
			buildConfigurations = (
				BAB444F41CE5274F0086BC63 /* Debug */,
				BAB444F51CE5274F0086BC63 /* Release */,
			);
			defaultConfigurationIsVisible = 0;
			defaultConfigurationName = Release;
		};
/* End XCConfigurationList section */

/* Begin XCVersionGroup section */
		BAF1ADC91CF93417004EAA23 /* Model.xcdatamodeld */ = {
			isa = XCVersionGroup;
			children = (
				BAF1ADD41CF940E6004EAA23 /* Model 2.xcdatamodel */,
				BAF1ADCA1CF93417004EAA23 /* Model.xcdatamodel */,
			);
			currentVersion = BAF1ADD41CF940E6004EAA23 /* Model 2.xcdatamodel */;
			path = Model.xcdatamodeld;
			sourceTree = "<group>";
			versionGroupType = wrapper.xcdatamodel;
		};
/* End XCVersionGroup section */
	};
	rootObject = BAB444D61CE5274E0086BC63 /* Project object */;
}
