// !$*UTF8*$!
{
	archiveVersion = 1;
	classes = {
	};
	objectVersion = 46;
	objects = {

/* Begin PBXBuildFile section */
		BA1AEE331CED65B0004615D1 /* Person+CoreDataProperties.swift in Sources */ = {isa = PBXBuildFile; fileRef = BA1AEE2F1CED65B0004615D1 /* Person+CoreDataProperties.swift */; };
		BA1AEE341CED65B0004615D1 /* Person.swift in Sources */ = {isa = PBXBuildFile; fileRef = BA1AEE301CED65B0004615D1 /* Person.swift */; };
		BA1AEE351CED65B0004615D1 /* Reason+CoreDataProperties.swift in Sources */ = {isa = PBXBuildFile; fileRef = BA1AEE311CED65B0004615D1 /* Reason+CoreDataProperties.swift */; };
		BA1AEE361CED65B0004615D1 /* Reason.swift in Sources */ = {isa = PBXBuildFile; fileRef = BA1AEE321CED65B0004615D1 /* Reason.swift */; };
		BA6D79941CED3E21009C47AF /* ReasonsViewController.swift in Sources */ = {isa = PBXBuildFile; fileRef = BA6D79931CED3E21009C47AF /* ReasonsViewController.swift */; };
		BAB444E21CE5274F0086BC63 /* AppDelegate.swift in Sources */ = {isa = PBXBuildFile; fileRef = BAB444E11CE5274F0086BC63 /* AppDelegate.swift */; };
		BAB444E41CE5274F0086BC63 /* PeopleViewController.swift in Sources */ = {isa = PBXBuildFile; fileRef = BAB444E31CE5274F0086BC63 /* PeopleViewController.swift */; };
		BAB444E71CE5274F0086BC63 /* Main.storyboard in Resources */ = {isa = PBXBuildFile; fileRef = BAB444E51CE5274F0086BC63 /* Main.storyboard */; };
		BAB444EA1CE5274F0086BC63 /* HitList.xcdatamodeld in Sources */ = {isa = PBXBuildFile; fileRef = BAB444E81CE5274F0086BC63 /* HitList.xcdatamodeld */; };
		BAB444EC1CE5274F0086BC63 /* Assets.xcassets in Resources */ = {isa = PBXBuildFile; fileRef = BAB444EB1CE5274F0086BC63 /* Assets.xcassets */; };
		BAB444EF1CE5274F0086BC63 /* LaunchScreen.storyboard in Resources */ = {isa = PBXBuildFile; fileRef = BAB444ED1CE5274F0086BC63 /* LaunchScreen.storyboard */; };
/* End PBXBuildFile section */

/* Begin PBXFileReference section */
		BA1AEE2F1CED65B0004615D1 /* Person+CoreDataProperties.swift */ = {isa = PBXFileReference; fileEncoding = 4; lastKnownFileType = sourcecode.swift; path = "Person+CoreDataProperties.swift"; sourceTree = "<group>"; };
		BA1AEE301CED65B0004615D1 /* Person.swift */ = {isa = PBXFileReference; fileEncoding = 4; lastKnownFileType = sourcecode.swift; path = Person.swift; sourceTree = "<group>"; };
		BA1AEE311CED65B0004615D1 /* Reason+CoreDataProperties.swift */ = {isa = PBXFileReference; fileEncoding = 4; lastKnownFileType = sourcecode.swift; path = "Reason+CoreDataProperties.swift"; sourceTree = "<group>"; };
		BA1AEE321CED65B0004615D1 /* Reason.swift */ = {isa = PBXFileReference; fileEncoding = 4; lastKnownFileType = sourcecode.swift; path = Reason.swift; sourceTree = "<group>"; };
		BA6D79931CED3E21009C47AF /* ReasonsViewController.swift */ = {isa = PBXFileReference; fileEncoding = 4; lastKnownFileType = sourcecode.swift; path = ReasonsViewController.swift; sourceTree = "<group>"; };
		BAB444DE1CE5274F0086BC63 /* BlackList.app */ = {isa = PBXFileReference; explicitFileType = wrapper.application; includeInIndex = 0; path = BlackList.app; sourceTree = BUILT_PRODUCTS_DIR; };
		BAB444E11CE5274F0086BC63 /* AppDelegate.swift */ = {isa = PBXFileReference; lastKnownFileType = sourcecode.swift; path = AppDelegate.swift; sourceTree = "<group>"; };
		BAB444E31CE5274F0086BC63 /* PeopleViewController.swift */ = {isa = PBXFileReference; lastKnownFileType = sourcecode.swift; path = PeopleViewController.swift; sourceTree = "<group>"; };
		BAB444E61CE5274F0086BC63 /* Base */ = {isa = PBXFileReference; lastKnownFileType = file.storyboard; name = Base; path = Base.lproj/Main.storyboard; sourceTree = "<group>"; };
		BAB444E91CE5274F0086BC63 /* HitList.xcdatamodel */ = {isa = PBXFileReference; lastKnownFileType = wrapper.xcdatamodel; path = HitList.xcdatamodel; sourceTree = "<group>"; };
		BAB444EB1CE5274F0086BC63 /* Assets.xcassets */ = {isa = PBXFileReference; lastKnownFileType = folder.assetcatalog; path = Assets.xcassets; sourceTree = "<group>"; };
		BAB444EE1CE5274F0086BC63 /* Base */ = {isa = PBXFileReference; lastKnownFileType = file.storyboard; name = Base; path = Base.lproj/LaunchScreen.storyboard; sourceTree = "<group>"; };
		BAB444F01CE5274F0086BC63 /* Info.plist */ = {isa = PBXFileReference; lastKnownFileType = text.plist.xml; path = Info.plist; sourceTree = "<group>"; };
/* End PBXFileReference section */

/* Begin PBXFrameworksBuildPhase section */
		BAB444DB1CE5274E0086BC63 /* Frameworks */ = {
			isa = PBXFrameworksBuildPhase;
			buildActionMask = 2147483647;
			files = (
			);
			runOnlyForDeploymentPostprocessing = 0;
		};
/* End PBXFrameworksBuildPhase section */

/* Begin PBXGroup section */
		BAB444D51CE5274E0086BC63 = {
			isa = PBXGroup;
			children = (
				BAB444E01CE5274F0086BC63 /* BlackList */,
				BAB444DF1CE5274F0086BC63 /* Products */,
			);
			sourceTree = "<group>";
		};
		BAB444DF1CE5274F0086BC63 /* Products */ = {
			isa = PBXGroup;
			children = (
				BAB444DE1CE5274F0086BC63 /* BlackList.app */,
			);
			name = Products;
			sourceTree = "<group>";
		};
		BAB444E01CE5274F0086BC63 /* BlackList */ = {
			isa = PBXGroup;
			children = (
				BAB444E11CE5274F0086BC63 /* AppDelegate.swift */,
				BAB444E31CE5274F0086BC63 /* PeopleViewController.swift */,
				BA6D79931CED3E21009C47AF /* ReasonsViewController.swift */,
				BAB444E51CE5274F0086BC63 /* Main.storyboard */,
				BAB444EB1CE5274F0086BC63 /* Assets.xcassets */,
				BAB444ED1CE5274F0086BC63 /* LaunchScreen.storyboard */,
				BAB444F01CE5274F0086BC63 /* Info.plist */,
				BAB444E81CE5274F0086BC63 /* HitList.xcdatamodeld */,
				BA1AEE2F1CED65B0004615D1 /* Person+CoreDataProperties.swift */,
				BA1AEE301CED65B0004615D1 /* Person.swift */,
				BA1AEE311CED65B0004615D1 /* Reason+CoreDataProperties.swift */,
				BA1AEE321CED65B0004615D1 /* Reason.swift */,
			);
			name = BlackList;
			path = HitList;
			sourceTree = "<group>";
		};
/* End PBXGroup section */

/* Begin PBXNativeTarget section */
		BAB444DD1CE5274E0086BC63 /* BlackList */ = {
			isa = PBXNativeTarget;
			buildConfigurationList = BAB444F31CE5274F0086BC63 /* Build configuration list for PBXNativeTarget "BlackList" */;
			buildPhases = (
				BAB444DA1CE5274E0086BC63 /* Sources */,
				BAB444DB1CE5274E0086BC63 /* Frameworks */,
				BAB444DC1CE5274E0086BC63 /* Resources */,
			);
			buildRules = (
			);
			dependencies = (
			);
			name = BlackList;
			productName = HitList;
			productReference = BAB444DE1CE5274F0086BC63 /* BlackList.app */;
			productType = "com.apple.product-type.application";
		};
/* End PBXNativeTarget section */

/* Begin PBXProject section */
		BAB444D61CE5274E0086BC63 /* Project object */ = {
			isa = PBXProject;
			attributes = {
				LastSwiftUpdateCheck = 0730;
				LastUpgradeCheck = 0730;
				ORGANIZATIONNAME = "Ricardo Gehrke Filho";
				TargetAttributes = {
					BAB444DD1CE5274E0086BC63 = {
						CreatedOnToolsVersion = 7.3.1;
						DevelopmentTeam = 2T9EKFYB5P;
					};
				};
			};
			buildConfigurationList = BAB444D91CE5274E0086BC63 /* Build configuration list for PBXProject "BlackList" */;
			compatibilityVersion = "Xcode 3.2";
			developmentRegion = English;
			hasScannedForEncodings = 0;
			knownRegions = (
				en,
				Base,
			);
			mainGroup = BAB444D51CE5274E0086BC63;
			productRefGroup = BAB444DF1CE5274F0086BC63 /* Products */;
			projectDirPath = "";
			projectRoot = "";
			targets = (
				BAB444DD1CE5274E0086BC63 /* BlackList */,
			);
		};
/* End PBXProject section */

/* Begin PBXResourcesBuildPhase section */
		BAB444DC1CE5274E0086BC63 /* Resources */ = {
			isa = PBXResourcesBuildPhase;
			buildActionMask = 2147483647;
			files = (
				BAB444EF1CE5274F0086BC63 /* LaunchScreen.storyboard in Resources */,
				BAB444EC1CE5274F0086BC63 /* Assets.xcassets in Resources */,
				BAB444E71CE5274F0086BC63 /* Main.storyboard in Resources */,
			);
			runOnlyForDeploymentPostprocessing = 0;
		};
/* End PBXResourcesBuildPhase section */

/* Begin PBXSourcesBuildPhase section */
		BAB444DA1CE5274E0086BC63 /* Sources */ = {
			isa = PBXSourcesBuildPhase;
			buildActionMask = 2147483647;
			files = (
				BA1AEE341CED65B0004615D1 /* Person.swift in Sources */,
				BA6D79941CED3E21009C47AF /* ReasonsViewController.swift in Sources */,
				BA1AEE351CED65B0004615D1 /* Reason+CoreDataProperties.swift in Sources */,
				BA1AEE331CED65B0004615D1 /* Person+CoreDataProperties.swift in Sources */,
				BAB444EA1CE5274F0086BC63 /* HitList.xcdatamodeld in Sources */,
				BAB444E41CE5274F0086BC63 /* PeopleViewController.swift in Sources */,
				BAB444E21CE5274F0086BC63 /* AppDelegate.swift in Sources */,
				BA1AEE361CED65B0004615D1 /* Reason.swift in Sources */,
			);
			runOnlyForDeploymentPostprocessing = 0;
		};
/* End PBXSourcesBuildPhase section */

/* Begin PBXVariantGroup section */
		BAB444E51CE5274F0086BC63 /* Main.storyboard */ = {
			isa = PBXVariantGroup;
			children = (
				BAB444E61CE5274F0086BC63 /* Base */,
			);
			name = Main.storyboard;
			sourceTree = "<group>";
		};
		BAB444ED1CE5274F0086BC63 /* LaunchScreen.storyboard */ = {
			isa = PBXVariantGroup;
			children = (
				BAB444EE1CE5274F0086BC63 /* Base */,
			);
			name = LaunchScreen.storyboard;
			sourceTree = "<group>";
		};
/* End PBXVariantGroup section */

/* Begin XCBuildConfiguration section */
		BAB444F11CE5274F0086BC63 /* Debug */ = {
			isa = XCBuildConfiguration;
			buildSettings = {
				ALWAYS_SEARCH_USER_PATHS = NO;
				CLANG_ANALYZER_NONNULL = YES;
				CLANG_CXX_LANGUAGE_STANDARD = "gnu++0x";
				CLANG_CXX_LIBRARY = "libc++";
				CLANG_ENABLE_MODULES = YES;
				CLANG_ENABLE_OBJC_ARC = YES;
				CLANG_WARN_BOOL_CONVERSION = YES;
				CLANG_WARN_CONSTANT_CONVERSION = YES;
				CLANG_WARN_DIRECT_OBJC_ISA_USAGE = YES_ERROR;
				CLANG_WARN_EMPTY_BODY = YES;
				CLANG_WARN_ENUM_CONVERSION = YES;
				CLANG_WARN_INT_CONVERSION = YES;
				CLANG_WARN_OBJC_ROOT_CLASS = YES_ERROR;
				CLANG_WARN_UNREACHABLE_CODE = YES;
				CLANG_WARN__DUPLICATE_METHOD_MATCH = YES;
				"CODE_SIGN_IDENTITY[sdk=iphoneos*]" = "iPhone Developer";
				COPY_PHASE_STRIP = NO;
				DEBUG_INFORMATION_FORMAT = dwarf;
				ENABLE_STRICT_OBJC_MSGSEND = YES;
				ENABLE_TESTABILITY = YES;
				GCC_C_LANGUAGE_STANDARD = gnu99;
				GCC_DYNAMIC_NO_PIC = NO;
				GCC_NO_COMMON_BLOCKS = YES;
				GCC_OPTIMIZATION_LEVEL = 0;
				GCC_PREPROCESSOR_DEFINITIONS = (
					"DEBUG=1",
					"$(inherited)",
				);
				GCC_WARN_64_TO_32_BIT_CONVERSION = YES;
				GCC_WARN_ABOUT_RETURN_TYPE = YES_ERROR;
				GCC_WARN_UNDECLARED_SELECTOR = YES;
				GCC_WARN_UNINITIALIZED_AUTOS = YES_AGGRESSIVE;
				GCC_WARN_UNUSED_FUNCTION = YES;
				GCC_WARN_UNUSED_VARIABLE = YES;
				IPHONEOS_DEPLOYMENT_TARGET = 9.3;
				MTL_ENABLE_DEBUG_INFO = YES;
				ONLY_ACTIVE_ARCH = YES;
				SDKROOT = iphoneos;
				SWIFT_OPTIMIZATION_LEVEL = "-Onone";
			};
			name = Debug;
		};
		BAB444F21CE5274F0086BC63 /* Release */ = {
			isa = XCBuildConfiguration;
			buildSettings = {
				ALWAYS_SEARCH_USER_PATHS = NO;
				CLANG_ANALYZER_NONNULL = YES;
				CLANG_CXX_LANGUAGE_STANDARD = "gnu++0x";
				CLANG_CXX_LIBRARY = "libc++";
				CLANG_ENABLE_MODULES = YES;
				CLANG_ENABLE_OBJC_ARC = YES;
				CLANG_WARN_BOOL_CONVERSION = YES;
				CLANG_WARN_CONSTANT_CONVERSION = YES;
				CLANG_WARN_DIRECT_OBJC_ISA_USAGE = YES_ERROR;
				CLANG_WARN_EMPTY_BODY = YES;
				CLANG_WARN_ENUM_CONVERSION = YES;
				CLANG_WARN_INT_CONVERSION = YES;
				CLANG_WARN_OBJC_ROOT_CLASS = YES_ERROR;
				CLANG_WARN_UNREACHABLE_CODE = YES;
				CLANG_WARN__DUPLICATE_METHOD_MATCH = YES;
				"CODE_SIGN_IDENTITY[sdk=iphoneos*]" = "iPhone Developer";
				COPY_PHASE_STRIP = NO;
				DEBUG_INFORMATION_FORMAT = "dwarf-with-dsym";
				ENABLE_NS_ASSERTIONS = NO;
				ENABLE_STRICT_OBJC_MSGSEND = YES;
				GCC_C_LANGUAGE_STANDARD = gnu99;
				GCC_NO_COMMON_BLOCKS = YES;
				GCC_WARN_64_TO_32_BIT_CONVERSION = YES;
				GCC_WARN_ABOUT_RETURN_TYPE = YES_ERROR;
				GCC_WARN_UNDECLARED_SELECTOR = YES;
				GCC_WARN_UNINITIALIZED_AUTOS = YES_AGGRESSIVE;
				GCC_WARN_UNUSED_FUNCTION = YES;
				GCC_WARN_UNUSED_VARIABLE = YES;
				IPHONEOS_DEPLOYMENT_TARGET = 9.3;
				MTL_ENABLE_DEBUG_INFO = NO;
				SDKROOT = iphoneos;
				VALIDATE_PRODUCT = YES;
			};
			name = Release;
		};
		BAB444F41CE5274F0086BC63 /* Debug */ = {
			isa = XCBuildConfiguration;
			buildSettings = {
				ASSETCATALOG_COMPILER_APPICON_NAME = AppIcon;
				INFOPLIST_FILE = HitList/Info.plist;
				LD_RUNPATH_SEARCH_PATHS = "$(inherited) @executable_path/Frameworks";
				PRODUCT_BUNDLE_IDENTIFIER = com.ricardo0100.HitList;
				PRODUCT_NAME = BlackList;
			};
			name = Debug;
		};
		BAB444F51CE5274F0086BC63 /* Release */ = {
			isa = XCBuildConfiguration;
			buildSettings = {
				ASSETCATALOG_COMPILER_APPICON_NAME = AppIcon;
				INFOPLIST_FILE = HitList/Info.plist;
				LD_RUNPATH_SEARCH_PATHS = "$(inherited) @executable_path/Frameworks";
				PRODUCT_BUNDLE_IDENTIFIER = com.ricardo0100.HitList;
				PRODUCT_NAME = BlackList;
			};
			name = Release;
		};
/* End XCBuildConfiguration section */

/* Begin XCConfigurationList section */
		BAB444D91CE5274E0086BC63 /* Build configuration list for PBXProject "BlackList" */ = {
			isa = XCConfigurationList;
			buildConfigurations = (
				BAB444F11CE5274F0086BC63 /* Debug */,
				BAB444F21CE5274F0086BC63 /* Release */,
			);
			defaultConfigurationIsVisible = 0;
			defaultConfigurationName = Release;
		};
		BAB444F31CE5274F0086BC63 /* Build configuration list for PBXNativeTarget "BlackList" */ = {
			isa = XCConfigurationList;
			buildConfigurations = (
				BAB444F41CE5274F0086BC63 /* Debug */,
				BAB444F51CE5274F0086BC63 /* Release */,
			);
			defaultConfigurationIsVisible = 0;
			defaultConfigurationName = Release;
		};
/* End XCConfigurationList section */

/* Begin XCVersionGroup section */
		BAB444E81CE5274F0086BC63 /* HitList.xcdatamodeld */ = {
			isa = XCVersionGroup;
			children = (
				BAB444E91CE5274F0086BC63 /* HitList.xcdatamodel */,
			);
			currentVersion = BAB444E91CE5274F0086BC63 /* HitList.xcdatamodel */;
			path = HitList.xcdatamodeld;
			sourceTree = "<group>";
			versionGroupType = wrapper.xcdatamodel;
		};
/* End XCVersionGroup section */
	};
	rootObject = BAB444D61CE5274E0086BC63 /* Project object */;
}
